
Microsoft Visual Studio Solution File, Format Version 12.00
# Visual Studio Version 16
VisualStudioVersion = 16.0.30128.74
MinimumVisualStudioVersion = 10.0.40219.1
Project("{9A19103F-16F7-4668-BE54-9A1E7A4F7556}") = "GraphPractice", "GraphPractice\GraphPractice.csproj", "{B236662D-646B-4F42-BE48-005C86BF6A48}"
EndProject
Project("{FAE04EC0-301F-11D3-BF4B-00C04F79EFBC}") = "Tests", "Tests\Tests.csproj", "{4457D786-917F-4EB6-8439-DA641A37EB68}"
EndProject
Global
	GlobalSection(SolutionConfigurationPlatforms) = preSolution
		Debug|Any CPU = Debug|Any CPU
		Release|Any CPU = Release|Any CPU
	EndGlobalSection
	GlobalSection(ProjectConfigurationPlatforms) = postSolution
		{B236662D-646B-4F42-BE48-005C86BF6A48}.Debug|Any CPU.ActiveCfg = Debug|Any CPU
		{B236662D-646B-4F42-BE48-005C86BF6A48}.Debug|Any CPU.Build.0 = Debug|Any CPU
		{B236662D-646B-4F42-BE48-005C86BF6A48}.Release|Any CPU.ActiveCfg = Release|Any CPU
		{B236662D-646B-4F42-BE48-005C86BF6A48}.Release|Any CPU.Build.0 = Release|Any CPU
		{4457D786-917F-4EB6-8439-DA641A37EB68}.Debug|Any CPU.ActiveCfg = Debug|Any CPU
		{4457D786-917F-4EB6-8439-DA641A37EB68}.Debug|Any CPU.Build.0 = Debug|Any CPU
		{4457D786-917F-4EB6-8439-DA641A37EB68}.Release|Any CPU.ActiveCfg = Release|Any CPU
		{4457D786-917F-4EB6-8439-DA641A37EB68}.Release|Any CPU.Build.0 = Release|Any CPU
	EndGlobalSection
	GlobalSection(SolutionProperties) = preSolution
		HideSolutionNode = FALSE
	EndGlobalSection
	GlobalSection(ExtensibilityGlobals) = postSolution
		SolutionGuid = {FBE8D51D-39DF-43C8-8CD3-D7509BF4EE35}
	EndGlobalSection
EndGlobal
